{
    "_readme": [
        "This file locks the dependencies of your project to a known state",
        "Read more about it at https://getcomposer.org/doc/01-basic-usage.md#installing-dependencies",
        "This file is @generated automatically"
    ],
    "content-hash": "addb296da6cc7c7cf0ea9a64d71c35e0",
    "packages": [
        {
            "name": "crazy-opendata/core",
            "version": "dev-master",
            "source": {
                "type": "git",
                "url": "https://github.com/Crazy-opendata/core.git",
                "reference": "2a4faf7dfcd1370261bc20eec4b2cafc850441cc"
            },
            "dist": {
                "type": "zip",
                "url": "https://api.github.com/repos/Crazy-opendata/core/zipball/2a4faf7dfcd1370261bc20eec4b2cafc850441cc",
                "reference": "2a4faf7dfcd1370261bc20eec4b2cafc850441cc",
                "shasum": ""
            },
            "default-branch": true,
            "type": "library",
            "autoload": {
                "psr-4": {
                    "CrazyOpendata\\Core\\": "src/"
                }
            },
            "authors": [
                {
                    "name": "Thibault Taillandier",
                    "email": "thibault@taillandier.name"
                }
            ],
            "description": "Code for importing/exporting data to repositories",
            "support": {
                "source": "https://github.com/Crazy-opendata/core/tree/master",
                "issues": "https://github.com/Crazy-opendata/core/issues"
            },
            "time": "2017-07-18T08:01:49+00:00"
        }
    ],
    "packages-dev": [],
    "aliases": [],
    "minimum-stability": "stable",
    "stability-flags": {
        "crazy-opendata/core": 20
    },
    "prefer-stable": false,
    "prefer-lowest": false,
    "platform": [],
    "platform-dev": [],
    "plugin-api-version": "2.1.0"
}
